{
  "name": "session-harbor",
  "version": "0.3.0",
  "lockfileVersion": 3,
  "requires": true,
  "packages": {
    "": {
      "name": "session-harbor",
      "version": "0.3.0",
      "license": "PolyForm-Noncommercial-1.0.0",
      "bin": {
        "session-harbor": "plugins/session-harbor/scripts/session-harbor.mjs"
      },
      "engines": {
        "node": ">=20"
      }
    }
  }
}
